
Microsoft Visual Studio Solution File, Format Version 12.00
# Visual Studio Version 17
VisualStudioVersion = 17.12.35527.113 d17.12
MinimumVisualStudioVersion = 10.0.40219.1
Project("{FAE04EC0-301F-11D3-BF4B-00C04F79EFBC}") = "LawFirm.API", "LawFirm.API\LawFirm.API.csproj", "{3DA9162A-3B48-49AD-ACB4-5FDD567E6D9B}"
EndProject
Project("{FAE04EC0-301F-11D3-BF4B-00C04F79EFBC}") = "LawFirm.Application", "LawFirm.Application\LawFirm.Application.csproj", "{CD61EB75-8279-4B02-9D9A-F767C53E211F}"
EndProject
Project("{FAE04EC0-301F-11D3-BF4B-00C04F79EFBC}") = "LawFirm.Domain", "LawFirm.Domain\LawFirm.Domain.csproj", "{A1CABE6B-30D9-45F5-962C-44318F2813CA}"
EndProject
Project("{FAE04EC0-301F-11D3-BF4B-00C04F79EFBC}") = "LawFirm.Infrastructure", "LawFirm.Infrastructure\LawFirm.Infrastructure.csproj", "{2BE26B88-2B4E-41CE-A566-8C24CDCAFEF0}"
EndProject
Global
	GlobalSection(SolutionConfigurationPlatforms) = preSolution
		Debug|Any CPU = Debug|Any CPU
		Release|Any CPU = Release|Any CPU
	EndGlobalSection
	GlobalSection(ProjectConfigurationPlatforms) = postSolution
		{3DA9162A-3B48-49AD-ACB4-5FDD567E6D9B}.Debug|Any CPU.ActiveCfg = Debug|Any CPU
		{3DA9162A-3B48-49AD-ACB4-5FDD567E6D9B}.Debug|Any CPU.Build.0 = Debug|Any CPU
		{3DA9162A-3B48-49AD-ACB4-5FDD567E6D9B}.Release|Any CPU.ActiveCfg = Release|Any CPU
		{3DA9162A-3B48-49AD-ACB4-5FDD567E6D9B}.Release|Any CPU.Build.0 = Release|Any CPU
		{CD61EB75-8279-4B02-9D9A-F767C53E211F}.Debug|Any CPU.ActiveCfg = Debug|Any CPU
		{CD61EB75-8279-4B02-9D9A-F767C53E211F}.Debug|Any CPU.Build.0 = Debug|Any CPU
		{CD61EB75-8279-4B02-9D9A-F767C53E211F}.Release|Any CPU.ActiveCfg = Release|Any CPU
		{CD61EB75-8279-4B02-9D9A-F767C53E211F}.Release|Any CPU.Build.0 = Release|Any CPU
		{A1CABE6B-30D9-45F5-962C-44318F2813CA}.Debug|Any CPU.ActiveCfg = Debug|Any CPU
		{A1CABE6B-30D9-45F5-962C-44318F2813CA}.Debug|Any CPU.Build.0 = Debug|Any CPU
		{A1CABE6B-30D9-45F5-962C-44318F2813CA}.Release|Any CPU.ActiveCfg = Release|Any CPU
		{A1CABE6B-30D9-45F5-962C-44318F2813CA}.Release|Any CPU.Build.0 = Release|Any CPU
		{2BE26B88-2B4E-41CE-A566-8C24CDCAFEF0}.Debug|Any CPU.ActiveCfg = Debug|Any CPU
		{2BE26B88-2B4E-41CE-A566-8C24CDCAFEF0}.Debug|Any CPU.Build.0 = Debug|Any CPU
		{2BE26B88-2B4E-41CE-A566-8C24CDCAFEF0}.Release|Any CPU.ActiveCfg = Release|Any CPU
		{2BE26B88-2B4E-41CE-A566-8C24CDCAFEF0}.Release|Any CPU.Build.0 = Release|Any CPU
	EndGlobalSection
	GlobalSection(SolutionProperties) = preSolution
		HideSolutionNode = FALSE
	EndGlobalSection
EndGlobal
